// !$*UTF8*$!
{
	archiveVersion = 1;
	classes = {
	};
	objectVersion = 46;
	objects = {

/* Begin PBXBuildFile section */
		34A64EBB1B701CD800449CC5 /* AppDelegate.swift in Sources */ = {isa = PBXBuildFile; fileRef = 34A64EBA1B701CD800449CC5 /* AppDelegate.swift */; };
		34A64EBD1B701CD800449CC5 /* ViewController.swift in Sources */ = {isa = PBXBuildFile; fileRef = 34A64EBC1B701CD800449CC5 /* ViewController.swift */; };
		34A64EC01B701CD800449CC5 /* Main.storyboard in Resources */ = {isa = PBXBuildFile; fileRef = 34A64EBE1B701CD800449CC5 /* Main.storyboard */; };
		34A64EC21B701CD800449CC5 /* Images.xcassets in Resources */ = {isa = PBXBuildFile; fileRef = 34A64EC11B701CD800449CC5 /* Images.xcassets */; };
		34A64EC51B701CD800449CC5 /* LaunchScreen.xib in Resources */ = {isa = PBXBuildFile; fileRef = 34A64EC31B701CD800449CC5 /* LaunchScreen.xib */; };
		34A64ED11B701CD800449CC5 /* TwitterCloneTests.swift in Sources */ = {isa = PBXBuildFile; fileRef = 34A64ED01B701CD800449CC5 /* TwitterCloneTests.swift */; };
		34A64EDB1B710EAC00449CC5 /* Tweet.swift in Sources */ = {isa = PBXBuildFile; fileRef = 34A64EDA1B710EAC00449CC5 /* Tweet.swift */; };
		34A64EDD1B710EC000449CC5 /* TweetJSONParser.swift in Sources */ = {isa = PBXBuildFile; fileRef = 34A64EDC1B710EC000449CC5 /* TweetJSONParser.swift */; };
		34A64EE21B710F3B00449CC5 /* tweet.json in Resources */ = {isa = PBXBuildFile; fileRef = 34A64EE11B710F3B00449CC5 /* tweet.json */; };
		34AACA421B7160D3009ABCE9 /* LoginService.swift in Sources */ = {isa = PBXBuildFile; fileRef = 34AACA411B7160D3009ABCE9 /* LoginService.swift */; };
		34AACA441B7168A7009ABCE9 /* TwitterService.swift in Sources */ = {isa = PBXBuildFile; fileRef = 34AACA431B7168A7009ABCE9 /* TwitterService.swift */; };
		34D8CCFE1B72A0440088BFF2 /* DetailTweetViewController.swift in Sources */ = {isa = PBXBuildFile; fileRef = 34D8CCFD1B72A0440088BFF2 /* DetailTweetViewController.swift */; };
		34D8CD001B72AB000088BFF2 /* TweetCell.swift in Sources */ = {isa = PBXBuildFile; fileRef = 34D8CCFF1B72AB000088BFF2 /* TweetCell.swift */; };
		34D8CD041B750D9D0088BFF2 /* ImageDownloader.swift in Sources */ = {isa = PBXBuildFile; fileRef = 34D8CD031B750D9D0088BFF2 /* ImageDownloader.swift */; };
		34D8CD061B7516AA0088BFF2 /* ImageResizer .swift in Sources */ = {isa = PBXBuildFile; fileRef = 34D8CD051B7516AA0088BFF2 /* ImageResizer .swift */; };
		34D8CD0A1B753F9C0088BFF2 /* ProfileTimeLineViewController.swift in Sources */ = {isa = PBXBuildFile; fileRef = 34D8CD091B753F9C0088BFF2 /* ProfileTimeLineViewController.swift */; };
		34D8CD141B7581650088BFF2 /* CustomTweetCell.xib in Resources */ = {isa = PBXBuildFile; fileRef = 34D8CD131B7581650088BFF2 /* CustomTweetCell.xib */; };
/* End PBXBuildFile section */

/* Begin PBXContainerItemProxy section */
		34A64ECB1B701CD800449CC5 /* PBXContainerItemProxy */ = {
			isa = PBXContainerItemProxy;
			containerPortal = 34A64EAD1B701CD800449CC5 /* Project object */;
			proxyType = 1;
			remoteGlobalIDString = 34A64EB41B701CD800449CC5;
			remoteInfo = TwitterClone;
		};
/* End PBXContainerItemProxy section */

/* Begin PBXFileReference section */
		34A64EB51B701CD800449CC5 /* TwitterClone.app */ = {isa = PBXFileReference; explicitFileType = wrapper.application; includeInIndex = 0; path = TwitterClone.app; sourceTree = BUILT_PRODUCTS_DIR; };
		34A64EB91B701CD800449CC5 /* Info.plist */ = {isa = PBXFileReference; lastKnownFileType = text.plist.xml; path = Info.plist; sourceTree = "<group>"; };
		34A64EBA1B701CD800449CC5 /* AppDelegate.swift */ = {isa = PBXFileReference; lastKnownFileType = sourcecode.swift; path = AppDelegate.swift; sourceTree = "<group>"; };
		34A64EBC1B701CD800449CC5 /* ViewController.swift */ = {isa = PBXFileReference; lastKnownFileType = sourcecode.swift; path = ViewController.swift; sourceTree = "<group>"; };
		34A64EBF1B701CD800449CC5 /* Base */ = {isa = PBXFileReference; lastKnownFileType = file.storyboard; name = Base; path = Base.lproj/Main.storyboard; sourceTree = "<group>"; };
		34A64EC11B701CD800449CC5 /* Images.xcassets */ = {isa = PBXFileReference; lastKnownFileType = folder.assetcatalog; path = Images.xcassets; sourceTree = "<group>"; };
		34A64EC41B701CD800449CC5 /* Base */ = {isa = PBXFileReference; lastKnownFileType = file.xib; name = Base; path = Base.lproj/LaunchScreen.xib; sourceTree = "<group>"; };
		34A64ECA1B701CD800449CC5 /* TwitterCloneTests.xctest */ = {isa = PBXFileReference; explicitFileType = wrapper.cfbundle; includeInIndex = 0; path = TwitterCloneTests.xctest; sourceTree = BUILT_PRODUCTS_DIR; };
		34A64ECF1B701CD800449CC5 /* Info.plist */ = {isa = PBXFileReference; lastKnownFileType = text.plist.xml; path = Info.plist; sourceTree = "<group>"; };
		34A64ED01B701CD800449CC5 /* TwitterCloneTests.swift */ = {isa = PBXFileReference; lastKnownFileType = sourcecode.swift; path = TwitterCloneTests.swift; sourceTree = "<group>"; };
		34A64EDA1B710EAC00449CC5 /* Tweet.swift */ = {isa = PBXFileReference; fileEncoding = 4; lastKnownFileType = sourcecode.swift; path = Tweet.swift; sourceTree = "<group>"; };
		34A64EDC1B710EC000449CC5 /* TweetJSONParser.swift */ = {isa = PBXFileReference; fileEncoding = 4; lastKnownFileType = sourcecode.swift; path = TweetJSONParser.swift; sourceTree = "<group>"; };
		34A64EE11B710F3B00449CC5 /* tweet.json */ = {isa = PBXFileReference; fileEncoding = 4; lastKnownFileType = text.json; name = tweet.json; path = "../../../sea-d40-iOS/Sample JSON/tweet.json"; sourceTree = "<group>"; };
		34AACA411B7160D3009ABCE9 /* LoginService.swift */ = {isa = PBXFileReference; fileEncoding = 4; lastKnownFileType = sourcecode.swift; path = LoginService.swift; sourceTree = "<group>"; };
		34AACA431B7168A7009ABCE9 /* TwitterService.swift */ = {isa = PBXFileReference; fileEncoding = 4; lastKnownFileType = sourcecode.swift; path = TwitterService.swift; sourceTree = "<group>"; };
		34D8CCFD1B72A0440088BFF2 /* DetailTweetViewController.swift */ = {isa = PBXFileReference; fileEncoding = 4; lastKnownFileType = sourcecode.swift; path = DetailTweetViewController.swift; sourceTree = "<group>"; };
		34D8CCFF1B72AB000088BFF2 /* TweetCell.swift */ = {isa = PBXFileReference; fileEncoding = 4; lastKnownFileType = sourcecode.swift; path = TweetCell.swift; sourceTree = "<group>"; };
		34D8CD031B750D9D0088BFF2 /* ImageDownloader.swift */ = {isa = PBXFileReference; fileEncoding = 4; lastKnownFileType = sourcecode.swift; path = ImageDownloader.swift; sourceTree = "<group>"; };
		34D8CD051B7516AA0088BFF2 /* ImageResizer .swift */ = {isa = PBXFileReference; fileEncoding = 4; lastKnownFileType = sourcecode.swift; path = "ImageResizer .swift"; sourceTree = "<group>"; };
		34D8CD091B753F9C0088BFF2 /* ProfileTimeLineViewController.swift */ = {isa = PBXFileReference; fileEncoding = 4; lastKnownFileType = sourcecode.swift; name = ProfileTimeLineViewController.swift; path = ../ProfileTimeLineViewController.swift; sourceTree = "<group>"; };
		34D8CD131B7581650088BFF2 /* CustomTweetCell.xib */ = {isa = PBXFileReference; fileEncoding = 4; lastKnownFileType = file.xib; path = CustomTweetCell.xib; sourceTree = "<group>"; };
/* End PBXFileReference section */

/* Begin PBXFrameworksBuildPhase section */
		34A64EB21B701CD800449CC5 /* Frameworks */ = {
			isa = PBXFrameworksBuildPhase;
			buildActionMask = 2147483647;
			files = (
			);
			runOnlyForDeploymentPostprocessing = 0;
		};
		34A64EC71B701CD800449CC5 /* Frameworks */ = {
			isa = PBXFrameworksBuildPhase;
			buildActionMask = 2147483647;
			files = (
			);
			runOnlyForDeploymentPostprocessing = 0;
		};
/* End PBXFrameworksBuildPhase section */

/* Begin PBXGroup section */
		34A64EAC1B701CD800449CC5 = {
			isa = PBXGroup;
			children = (
				34A64EB71B701CD800449CC5 /* TwitterClone */,
				34A64ECD1B701CD800449CC5 /* TwitterCloneTests */,
				34A64EB61B701CD800449CC5 /* Products */,
			);
			sourceTree = "<group>";
		};
		34A64EB61B701CD800449CC5 /* Products */ = {
			isa = PBXGroup;
			children = (
				34A64EB51B701CD800449CC5 /* TwitterClone.app */,
				34A64ECA1B701CD800449CC5 /* TwitterCloneTests.xctest */,
			);
			name = Products;
			sourceTree = "<group>";
		};
		34A64EB71B701CD800449CC5 /* TwitterClone */ = {
			isa = PBXGroup;
			children = (
				34A64EBA1B701CD800449CC5 /* AppDelegate.swift */,
				34A64EDE1B710EC900449CC5 /* Model */,
				34A64EDF1B710EE700449CC5 /* Controller */,
				34A64EE01B710EEF00449CC5 /* View */,
				34A64EC11B701CD800449CC5 /* Images.xcassets */,
				34A64EC31B701CD800449CC5 /* LaunchScreen.xib */,
				34A64EB81B701CD800449CC5 /* Supporting Files */,
			);
			path = TwitterClone;
			sourceTree = "<group>";
		};
		34A64EB81B701CD800449CC5 /* Supporting Files */ = {
			isa = PBXGroup;
			children = (
				34A64EE11B710F3B00449CC5 /* tweet.json */,
				34A64EB91B701CD800449CC5 /* Info.plist */,
			);
			name = "Supporting Files";
			sourceTree = "<group>";
		};
		34A64ECD1B701CD800449CC5 /* TwitterCloneTests */ = {
			isa = PBXGroup;
			children = (
				34A64ED01B701CD800449CC5 /* TwitterCloneTests.swift */,
				34A64ECE1B701CD800449CC5 /* Supporting Files */,
			);
			path = TwitterCloneTests;
			sourceTree = "<group>";
		};
		34A64ECE1B701CD800449CC5 /* Supporting Files */ = {
			isa = PBXGroup;
			children = (
				34A64ECF1B701CD800449CC5 /* Info.plist */,
			);
			name = "Supporting Files";
			sourceTree = "<group>";
		};
		34A64EDE1B710EC900449CC5 /* Model */ = {
			isa = PBXGroup;
			children = (
				34A64EDA1B710EAC00449CC5 /* Tweet.swift */,
				34A64EDC1B710EC000449CC5 /* TweetJSONParser.swift */,
				34AACA411B7160D3009ABCE9 /* LoginService.swift */,
				34AACA431B7168A7009ABCE9 /* TwitterService.swift */,
				34D8CD051B7516AA0088BFF2 /* ImageResizer .swift */,
				34D8CD031B750D9D0088BFF2 /* ImageDownloader.swift */,
			);
			name = Model;
			sourceTree = "<group>";
		};
		34A64EDF1B710EE700449CC5 /* Controller */ = {
			isa = PBXGroup;
			children = (
				34A64EBC1B701CD800449CC5 /* ViewController.swift */,
				34D8CD091B753F9C0088BFF2 /* ProfileTimeLineViewController.swift */,
				34D8CCFD1B72A0440088BFF2 /* DetailTweetViewController.swift */,
			);
			name = Controller;
			sourceTree = "<group>";
		};
		34A64EE01B710EEF00449CC5 /* View */ = {
			isa = PBXGroup;
			children = (
				34D8CCFF1B72AB000088BFF2 /* TweetCell.swift */,
				34D8CD131B7581650088BFF2 /* CustomTweetCell.xib */,
				34A64EBE1B701CD800449CC5 /* Main.storyboard */,
			);
			name = View;
			sourceTree = "<group>";
		};
/* End PBXGroup section */

/* Begin PBXNativeTarget section */
		34A64EB41B701CD800449CC5 /* TwitterClone */ = {
			isa = PBXNativeTarget;
			buildConfigurationList = 34A64ED41B701CD800449CC5 /* Build configuration list for PBXNativeTarget "TwitterClone" */;
			buildPhases = (
				34A64EB11B701CD800449CC5 /* Sources */,
				34A64EB21B701CD800449CC5 /* Frameworks */,
				34A64EB31B701CD800449CC5 /* Resources */,
			);
			buildRules = (
			);
			dependencies = (
			);
			name = TwitterClone;
			productName = TwitterClone;
			productReference = 34A64EB51B701CD800449CC5 /* TwitterClone.app */;
			productType = "com.apple.product-type.application";
		};
		34A64EC91B701CD800449CC5 /* TwitterCloneTests */ = {
			isa = PBXNativeTarget;
			buildConfigurationList = 34A64ED71B701CD800449CC5 /* Build configuration list for PBXNativeTarget "TwitterCloneTests" */;
			buildPhases = (
				34A64EC61B701CD800449CC5 /* Sources */,
				34A64EC71B701CD800449CC5 /* Frameworks */,
				34A64EC81B701CD800449CC5 /* Resources */,
			);
			buildRules = (
			);
			dependencies = (
				34A64ECC1B701CD800449CC5 /* PBXTargetDependency */,
			);
			name = TwitterCloneTests;
			productName = TwitterCloneTests;
			productReference = 34A64ECA1B701CD800449CC5 /* TwitterCloneTests.xctest */;
			productType = "com.apple.product-type.bundle.unit-test";
		};
/* End PBXNativeTarget section */

/* Begin PBXProject section */
		34A64EAD1B701CD800449CC5 /* Project object */ = {
			isa = PBXProject;
			attributes = {
				LastUpgradeCheck = 0640;
				ORGANIZATIONNAME = "Sau Chung Loh";
				TargetAttributes = {
					34A64EB41B701CD800449CC5 = {
						CreatedOnToolsVersion = 6.4;
					};
					34A64EC91B701CD800449CC5 = {
						CreatedOnToolsVersion = 6.4;
						TestTargetID = 34A64EB41B701CD800449CC5;
					};
				};
			};
			buildConfigurationList = 34A64EB01B701CD800449CC5 /* Build configuration list for PBXProject "TwitterClone" */;
			compatibilityVersion = "Xcode 3.2";
			developmentRegion = English;
			hasScannedForEncodings = 0;
			knownRegions = (
				en,
				Base,
			);
			mainGroup = 34A64EAC1B701CD800449CC5;
			productRefGroup = 34A64EB61B701CD800449CC5 /* Products */;
			projectDirPath = "";
			projectRoot = "";
			targets = (
				34A64EB41B701CD800449CC5 /* TwitterClone */,
				34A64EC91B701CD800449CC5 /* TwitterCloneTests */,
			);
		};
/* End PBXProject section */

/* Begin PBXResourcesBuildPhase section */
		34A64EB31B701CD800449CC5 /* Resources */ = {
			isa = PBXResourcesBuildPhase;
			buildActionMask = 2147483647;
			files = (
				34A64EC01B701CD800449CC5 /* Main.storyboard in Resources */,
				34A64EC51B701CD800449CC5 /* LaunchScreen.xib in Resources */,
				34D8CD141B7581650088BFF2 /* CustomTweetCell.xib in Resources */,
				34A64EC21B701CD800449CC5 /* Images.xcassets in Resources */,
				34A64EE21B710F3B00449CC5 /* tweet.json in Resources */,
			);
			runOnlyForDeploymentPostprocessing = 0;
		};
		34A64EC81B701CD800449CC5 /* Resources */ = {
			isa = PBXResourcesBuildPhase;
			buildActionMask = 2147483647;
			files = (
			);
			runOnlyForDeploymentPostprocessing = 0;
		};
/* End PBXResourcesBuildPhase section */

/* Begin PBXSourcesBuildPhase section */
		34A64EB11B701CD800449CC5 /* Sources */ = {
			isa = PBXSourcesBuildPhase;
			buildActionMask = 2147483647;
			files = (
				34A64EDD1B710EC000449CC5 /* TweetJSONParser.swift in Sources */,
				34A64EDB1B710EAC00449CC5 /* Tweet.swift in Sources */,
				34D8CD061B7516AA0088BFF2 /* ImageResizer .swift in Sources */,
				34AACA421B7160D3009ABCE9 /* LoginService.swift in Sources */,
				34D8CD001B72AB000088BFF2 /* TweetCell.swift in Sources */,
				34A64EBD1B701CD800449CC5 /* ViewController.swift in Sources */,
				34A64EBB1B701CD800449CC5 /* AppDelegate.swift in Sources */,
				34D8CD041B750D9D0088BFF2 /* ImageDownloader.swift in Sources */,
				34D8CCFE1B72A0440088BFF2 /* DetailTweetViewController.swift in Sources */,
				34D8CD0A1B753F9C0088BFF2 /* ProfileTimeLineViewController.swift in Sources */,
				34AACA441B7168A7009ABCE9 /* TwitterService.swift in Sources */,
			);
			runOnlyForDeploymentPostprocessing = 0;
		};
		34A64EC61B701CD800449CC5 /* Sources */ = {
			isa = PBXSourcesBuildPhase;
			buildActionMask = 2147483647;
			files = (
				34A64ED11B701CD800449CC5 /* TwitterCloneTests.swift in Sources */,
			);
			runOnlyForDeploymentPostprocessing = 0;
		};
/* End PBXSourcesBuildPhase section */

/* Begin PBXTargetDependency section */
		34A64ECC1B701CD800449CC5 /* PBXTargetDependency */ = {
			isa = PBXTargetDependency;
			target = 34A64EB41B701CD800449CC5 /* TwitterClone */;
			targetProxy = 34A64ECB1B701CD800449CC5 /* PBXContainerItemProxy */;
		};
/* End PBXTargetDependency section */

/* Begin PBXVariantGroup section */
		34A64EBE1B701CD800449CC5 /* Main.storyboard */ = {
			isa = PBXVariantGroup;
			children = (
				34A64EBF1B701CD800449CC5 /* Base */,
			);
			name = Main.storyboard;
			sourceTree = "<group>";
		};
		34A64EC31B701CD800449CC5 /* LaunchScreen.xib */ = {
			isa = PBXVariantGroup;
			children = (
				34A64EC41B701CD800449CC5 /* Base */,
			);
			name = LaunchScreen.xib;
			sourceTree = "<group>";
		};
/* End PBXVariantGroup section */

/* Begin XCBuildConfiguration section */
		34A64ED21B701CD800449CC5 /* Debug */ = {
			isa = XCBuildConfiguration;
			buildSettings = {
				ALWAYS_SEARCH_USER_PATHS = NO;
				CLANG_CXX_LANGUAGE_STANDARD = "gnu++0x";
				CLANG_CXX_LIBRARY = "libc++";
				CLANG_ENABLE_MODULES = YES;
				CLANG_ENABLE_OBJC_ARC = YES;
				CLANG_WARN_BOOL_CONVERSION = YES;
				CLANG_WARN_CONSTANT_CONVERSION = YES;
				CLANG_WARN_DIRECT_OBJC_ISA_USAGE = YES_ERROR;
				CLANG_WARN_EMPTY_BODY = YES;
				CLANG_WARN_ENUM_CONVERSION = YES;
				CLANG_WARN_INT_CONVERSION = YES;
				CLANG_WARN_OBJC_ROOT_CLASS = YES_ERROR;
				CLANG_WARN_UNREACHABLE_CODE = YES;
				CLANG_WARN__DUPLICATE_METHOD_MATCH = YES;
				"CODE_SIGN_IDENTITY[sdk=iphoneos*]" = "iPhone Developer";
				COPY_PHASE_STRIP = NO;
				DEBUG_INFORMATION_FORMAT = "dwarf-with-dsym";
				ENABLE_STRICT_OBJC_MSGSEND = YES;
				GCC_C_LANGUAGE_STANDARD = gnu99;
				GCC_DYNAMIC_NO_PIC = NO;
				GCC_NO_COMMON_BLOCKS = YES;
				GCC_OPTIMIZATION_LEVEL = 0;
				GCC_PREPROCESSOR_DEFINITIONS = (
					"DEBUG=1",
					"$(inherited)",
				);
				GCC_SYMBOLS_PRIVATE_EXTERN = NO;
				GCC_WARN_64_TO_32_BIT_CONVERSION = YES;
				GCC_WARN_ABOUT_RETURN_TYPE = YES_ERROR;
				GCC_WARN_UNDECLARED_SELECTOR = YES;
				GCC_WARN_UNINITIALIZED_AUTOS = YES_AGGRESSIVE;
				GCC_WARN_UNUSED_FUNCTION = YES;
				GCC_WARN_UNUSED_VARIABLE = YES;
				IPHONEOS_DEPLOYMENT_TARGET = 8.4;
				MTL_ENABLE_DEBUG_INFO = YES;
				ONLY_ACTIVE_ARCH = YES;
				SDKROOT = iphoneos;
				SWIFT_OPTIMIZATION_LEVEL = "-Onone";
				TARGETED_DEVICE_FAMILY = "1,2";
			};
			name = Debug;
		};
		34A64ED31B701CD800449CC5 /* Release */ = {
			isa = XCBuildConfiguration;
			buildSettings = {
				ALWAYS_SEARCH_USER_PATHS = NO;
				CLANG_CXX_LANGUAGE_STANDARD = "gnu++0x";
				CLANG_CXX_LIBRARY = "libc++";
				CLANG_ENABLE_MODULES = YES;
				CLANG_ENABLE_OBJC_ARC = YES;
				CLANG_WARN_BOOL_CONVERSION = YES;
				CLANG_WARN_CONSTANT_CONVERSION = YES;
				CLANG_WARN_DIRECT_OBJC_ISA_USAGE = YES_ERROR;
				CLANG_WARN_EMPTY_BODY = YES;
				CLANG_WARN_ENUM_CONVERSION = YES;
				CLANG_WARN_INT_CONVERSION = YES;
				CLANG_WARN_OBJC_ROOT_CLASS = YES_ERROR;
				CLANG_WARN_UNREACHABLE_CODE = YES;
				CLANG_WARN__DUPLICATE_METHOD_MATCH = YES;
				"CODE_SIGN_IDENTITY[sdk=iphoneos*]" = "iPhone Developer";
				COPY_PHASE_STRIP = NO;
				DEBUG_INFORMATION_FORMAT = "dwarf-with-dsym";
				ENABLE_NS_ASSERTIONS = NO;
				ENABLE_STRICT_OBJC_MSGSEND = YES;
				GCC_C_LANGUAGE_STANDARD = gnu99;
				GCC_NO_COMMON_BLOCKS = YES;
				GCC_WARN_64_TO_32_BIT_CONVERSION = YES;
				GCC_WARN_ABOUT_RETURN_TYPE = YES_ERROR;
				GCC_WARN_UNDECLARED_SELECTOR = YES;
				GCC_WARN_UNINITIALIZED_AUTOS = YES_AGGRESSIVE;
				GCC_WARN_UNUSED_FUNCTION = YES;
				GCC_WARN_UNUSED_VARIABLE = YES;
				IPHONEOS_DEPLOYMENT_TARGET = 8.4;
				MTL_ENABLE_DEBUG_INFO = NO;
				SDKROOT = iphoneos;
				TARGETED_DEVICE_FAMILY = "1,2";
				VALIDATE_PRODUCT = YES;
			};
			name = Release;
		};
		34A64ED51B701CD800449CC5 /* Debug */ = {
			isa = XCBuildConfiguration;
			buildSettings = {
				ASSETCATALOG_COMPILER_APPICON_NAME = AppIcon;
				INFOPLIST_FILE = TwitterClone/Info.plist;
				LD_RUNPATH_SEARCH_PATHS = "$(inherited) @executable_path/Frameworks";
				PRODUCT_NAME = "$(TARGET_NAME)";
			};
			name = Debug;
		};
		34A64ED61B701CD800449CC5 /* Release */ = {
			isa = XCBuildConfiguration;
			buildSettings = {
				ASSETCATALOG_COMPILER_APPICON_NAME = AppIcon;
				INFOPLIST_FILE = TwitterClone/Info.plist;
				LD_RUNPATH_SEARCH_PATHS = "$(inherited) @executable_path/Frameworks";
				PRODUCT_NAME = "$(TARGET_NAME)";
			};
			name = Release;
		};
		34A64ED81B701CD800449CC5 /* Debug */ = {
			isa = XCBuildConfiguration;
			buildSettings = {
				BUNDLE_LOADER = "$(TEST_HOST)";
				FRAMEWORK_SEARCH_PATHS = (
					"$(SDKROOT)/Developer/Library/Frameworks",
					"$(inherited)",
				);
				GCC_PREPROCESSOR_DEFINITIONS = (
					"DEBUG=1",
					"$(inherited)",
				);
				INFOPLIST_FILE = TwitterCloneTests/Info.plist;
				LD_RUNPATH_SEARCH_PATHS = "$(inherited) @executable_path/Frameworks @loader_path/Frameworks";
				PRODUCT_NAME = "$(TARGET_NAME)";
				TEST_HOST = "$(BUILT_PRODUCTS_DIR)/TwitterClone.app/TwitterClone";
			};
			name = Debug;
		};
		34A64ED91B701CD800449CC5 /* Release */ = {
			isa = XCBuildConfiguration;
			buildSettings = {
				BUNDLE_LOADER = "$(TEST_HOST)";
				FRAMEWORK_SEARCH_PATHS = (
					"$(SDKROOT)/Developer/Library/Frameworks",
					"$(inherited)",
				);
				INFOPLIST_FILE = TwitterCloneTests/Info.plist;
				LD_RUNPATH_SEARCH_PATHS = "$(inherited) @executable_path/Frameworks @loader_path/Frameworks";
				PRODUCT_NAME = "$(TARGET_NAME)";
				TEST_HOST = "$(BUILT_PRODUCTS_DIR)/TwitterClone.app/TwitterClone";
			};
			name = Release;
		};
/* End XCBuildConfiguration section */

/* Begin XCConfigurationList section */
		34A64EB01B701CD800449CC5 /* Build configuration list for PBXProject "TwitterClone" */ = {
			isa = XCConfigurationList;
			buildConfigurations = (
				34A64ED21B701CD800449CC5 /* Debug */,
				34A64ED31B701CD800449CC5 /* Release */,
			);
			defaultConfigurationIsVisible = 0;
			defaultConfigurationName = Release;
		};
		34A64ED41B701CD800449CC5 /* Build configuration list for PBXNativeTarget "TwitterClone" */ = {
			isa = XCConfigurationList;
			buildConfigurations = (
				34A64ED51B701CD800449CC5 /* Debug */,
				34A64ED61B701CD800449CC5 /* Release */,
			);
			defaultConfigurationIsVisible = 0;
			defaultConfigurationName = Release;
		};
		34A64ED71B701CD800449CC5 /* Build configuration list for PBXNativeTarget "TwitterCloneTests" */ = {
			isa = XCConfigurationList;
			buildConfigurations = (
				34A64ED81B701CD800449CC5 /* Debug */,
				34A64ED91B701CD800449CC5 /* Release */,
			);
			defaultConfigurationIsVisible = 0;
			defaultConfigurationName = Release;
		};
/* End XCConfigurationList section */
	};
	rootObject = 34A64EAD1B701CD800449CC5 /* Project object */;
}
